
Microsoft Visual Studio Solution File, Format Version 12.00
# Visual Studio Version 16
VisualStudioVersion = 16.0.30717.126
MinimumVisualStudioVersion = 10.0.40219.1
Project("{8BC9CEB8-8B4A-11D0-8D11-00A0C91BC942}") = "2012_QQMahjong", "2012_QQMahjong\2012_QQMahjong.vcxproj", "{FFD44338-C4CA-4527-A629-7A231C3905D2}"
EndProject
Project("{8BC9CEB8-8B4A-11D0-8D11-00A0C91BC942}") = "StartGame", "StartGame\StartGame.vcxproj", "{DDDB9595-3918-4826-B87C-8FA6FDA7CB62}"
EndProject
Project("{8BC9CEB8-8B4A-11D0-8D11-00A0C91BC942}") = "Dll_Protect", "Dll_Protect\Dll_Protect.vcxproj", "{97B3F461-1A75-4026-A237-CA8D84A5E2CD}"
EndProject
Project("{8BC9CEB8-8B4A-11D0-8D11-00A0C91BC942}") = "DLL_Game", "DLL_Game\DLL_Game.vcxproj", "{F635B773-FE05-45DA-AB34-2B51B3240F28}"
EndProject
Global
	GlobalSection(SolutionConfigurationPlatforms) = preSolution
		Debug|x64 = Debug|x64
		Debug|x86 = Debug|x86
		Release|x64 = Release|x64
		Release|x86 = Release|x86
	EndGlobalSection
	GlobalSection(ProjectConfigurationPlatforms) = postSolution
		{FFD44338-C4CA-4527-A629-7A231C3905D2}.Debug|x64.ActiveCfg = Debug|x64
		{FFD44338-C4CA-4527-A629-7A231C3905D2}.Debug|x64.Build.0 = Debug|x64
		{FFD44338-C4CA-4527-A629-7A231C3905D2}.Debug|x86.ActiveCfg = Debug|Win32
		{FFD44338-C4CA-4527-A629-7A231C3905D2}.Debug|x86.Build.0 = Debug|Win32
		{FFD44338-C4CA-4527-A629-7A231C3905D2}.Release|x64.ActiveCfg = Release|x64
		{FFD44338-C4CA-4527-A629-7A231C3905D2}.Release|x64.Build.0 = Release|x64
		{FFD44338-C4CA-4527-A629-7A231C3905D2}.Release|x86.ActiveCfg = Release|Win32
		{FFD44338-C4CA-4527-A629-7A231C3905D2}.Release|x86.Build.0 = Release|Win32
		{DDDB9595-3918-4826-B87C-8FA6FDA7CB62}.Debug|x64.ActiveCfg = Debug|x64
		{DDDB9595-3918-4826-B87C-8FA6FDA7CB62}.Debug|x64.Build.0 = Debug|x64
		{DDDB9595-3918-4826-B87C-8FA6FDA7CB62}.Debug|x86.ActiveCfg = Debug|Win32
		{DDDB9595-3918-4826-B87C-8FA6FDA7CB62}.Debug|x86.Build.0 = Debug|Win32
		{DDDB9595-3918-4826-B87C-8FA6FDA7CB62}.Release|x64.ActiveCfg = Release|x64
		{DDDB9595-3918-4826-B87C-8FA6FDA7CB62}.Release|x64.Build.0 = Release|x64
		{DDDB9595-3918-4826-B87C-8FA6FDA7CB62}.Release|x86.ActiveCfg = Release|Win32
		{DDDB9595-3918-4826-B87C-8FA6FDA7CB62}.Release|x86.Build.0 = Release|Win32
		{97B3F461-1A75-4026-A237-CA8D84A5E2CD}.Debug|x64.ActiveCfg = Debug|x64
		{97B3F461-1A75-4026-A237-CA8D84A5E2CD}.Debug|x64.Build.0 = Debug|x64
		{97B3F461-1A75-4026-A237-CA8D84A5E2CD}.Debug|x86.ActiveCfg = Debug|Win32
		{97B3F461-1A75-4026-A237-CA8D84A5E2CD}.Debug|x86.Build.0 = Debug|Win32
		{97B3F461-1A75-4026-A237-CA8D84A5E2CD}.Release|x64.ActiveCfg = Release|x64
		{97B3F461-1A75-4026-A237-CA8D84A5E2CD}.Release|x64.Build.0 = Release|x64
		{97B3F461-1A75-4026-A237-CA8D84A5E2CD}.Release|x86.ActiveCfg = Release|Win32
		{97B3F461-1A75-4026-A237-CA8D84A5E2CD}.Release|x86.Build.0 = Release|Win32
		{F635B773-FE05-45DA-AB34-2B51B3240F28}.Debug|x64.ActiveCfg = Debug|x64
		{F635B773-FE05-45DA-AB34-2B51B3240F28}.Debug|x64.Build.0 = Debug|x64
		{F635B773-FE05-45DA-AB34-2B51B3240F28}.Debug|x86.ActiveCfg = Debug|Win32
		{F635B773-FE05-45DA-AB34-2B51B3240F28}.Debug|x86.Build.0 = Debug|Win32
		{F635B773-FE05-45DA-AB34-2B51B3240F28}.Release|x64.ActiveCfg = Release|x64
		{F635B773-FE05-45DA-AB34-2B51B3240F28}.Release|x64.Build.0 = Release|x64
		{F635B773-FE05-45DA-AB34-2B51B3240F28}.Release|x86.ActiveCfg = Release|Win32
		{F635B773-FE05-45DA-AB34-2B51B3240F28}.Release|x86.Build.0 = Release|Win32
	EndGlobalSection
	GlobalSection(SolutionProperties) = preSolution
		HideSolutionNode = FALSE
	EndGlobalSection
	GlobalSection(ExtensibilityGlobals) = postSolution
		SolutionGuid = {25387A74-16AC-4446-83EA-B89623615B2F}
	EndGlobalSection
EndGlobal
